
Microsoft Visual Studio Solution File, Format Version 12.00
# Visual Studio Version 17
VisualStudioVersion = 17.0.32014.148
MinimumVisualStudioVersion = 10.0.40219.1
Project("{FAE04EC0-301F-11D3-BF4B-00C04F79EFBC}") = "WSSantaCecilia", "WSSantaCecilia\WSSantaCecilia.csproj", "{F6AD8C90-CAE7-4BAB-B1CD-AA09B62BCAFE}"
EndProject
Global
	GlobalSection(SolutionConfigurationPlatforms) = preSolution
		Debug|Any CPU = Debug|Any CPU
		Release|Any CPU = Release|Any CPU
	EndGlobalSection
	GlobalSection(ProjectConfigurationPlatforms) = postSolution
		{F6AD8C90-CAE7-4BAB-B1CD-AA09B62BCAFE}.Debug|Any CPU.ActiveCfg = Debug|Any CPU
		{F6AD8C90-CAE7-4BAB-B1CD-AA09B62BCAFE}.Debug|Any CPU.Build.0 = Debug|Any CPU
		{F6AD8C90-CAE7-4BAB-B1CD-AA09B62BCAFE}.Release|Any CPU.ActiveCfg = Release|Any CPU
		{F6AD8C90-CAE7-4BAB-B1CD-AA09B62BCAFE}.Release|Any CPU.Build.0 = Release|Any CPU
	EndGlobalSection
	GlobalSection(SolutionProperties) = preSolution
		HideSolutionNode = FALSE
	EndGlobalSection
	GlobalSection(ExtensibilityGlobals) = postSolution
		SolutionGuid = {1BE48131-1BBA-4816-9CB6-DBC56DFECFF6}
	EndGlobalSection
EndGlobal
